
Microsoft Visual Studio Solution File, Format Version 12.00
# Visual Studio 15
VisualStudioVersion = 15.0.28307.489
MinimumVisualStudioVersion = 10.0.40219.1
Project("{9A19103F-16F7-4668-BE54-9A1E7A4F7556}") = "TwentyOne", "TwentyOne\TwentyOne.csproj", "{D40A9F79-4F30-43E5-95EF-041CB64698B7}"
EndProject
Project("{FAE04EC0-301F-11D3-BF4B-00C04F79EFBC}") = "Casino", "Casino\Casino.csproj", "{B8EDA380-9528-4F4D-9237-840FC232BBE4}"
EndProject
Global
	GlobalSection(SolutionConfigurationPlatforms) = preSolution
		Debug|Any CPU = Debug|Any CPU
		Release|Any CPU = Release|Any CPU
	EndGlobalSection
	GlobalSection(ProjectConfigurationPlatforms) = postSolution
		{D40A9F79-4F30-43E5-95EF-041CB64698B7}.Debug|Any CPU.ActiveCfg = Debug|Any CPU
		{D40A9F79-4F30-43E5-95EF-041CB64698B7}.Debug|Any CPU.Build.0 = Debug|Any CPU
		{D40A9F79-4F30-43E5-95EF-041CB64698B7}.Release|Any CPU.ActiveCfg = Release|Any CPU
		{D40A9F79-4F30-43E5-95EF-041CB64698B7}.Release|Any CPU.Build.0 = Release|Any CPU
		{B8EDA380-9528-4F4D-9237-840FC232BBE4}.Debug|Any CPU.ActiveCfg = Debug|Any CPU
		{B8EDA380-9528-4F4D-9237-840FC232BBE4}.Debug|Any CPU.Build.0 = Debug|Any CPU
		{B8EDA380-9528-4F4D-9237-840FC232BBE4}.Release|Any CPU.ActiveCfg = Release|Any CPU
		{B8EDA380-9528-4F4D-9237-840FC232BBE4}.Release|Any CPU.Build.0 = Release|Any CPU
	EndGlobalSection
	GlobalSection(SolutionProperties) = preSolution
		HideSolutionNode = FALSE
	EndGlobalSection
	GlobalSection(ExtensibilityGlobals) = postSolution
		SolutionGuid = {6C4A9280-268A-4754-A110-CFCADA4DDF36}
	EndGlobalSection
EndGlobal
